// !$*UTF8*$!
{
	archiveVersion = 1;
	classes = {
	};
	objectVersion = 46;
	objects = {

/* Begin PBXBuildFile section */
		130568601D563DFD005BB80E /* CoreDataExtensions.swift in Sources */ = {isa = PBXBuildFile; fileRef = 1305685F1D563DFD005BB80E /* CoreDataExtensions.swift */; };
		1305686D1D563F91005BB80E /* CoreSubscription+CoreDataProperties.swift in Sources */ = {isa = PBXBuildFile; fileRef = 130568691D563F91005BB80E /* CoreSubscription+CoreDataProperties.swift */; };
		1305686E1D563F91005BB80E /* CoreSubscription.swift in Sources */ = {isa = PBXBuildFile; fileRef = 1305686A1D563F91005BB80E /* CoreSubscription.swift */; };
		1305686F1D563F91005BB80E /* CoreUserDefault+CoreDataProperties.swift in Sources */ = {isa = PBXBuildFile; fileRef = 1305686B1D563F91005BB80E /* CoreUserDefault+CoreDataProperties.swift */; };
		130568701D563F91005BB80E /* CoreUserDefault.swift in Sources */ = {isa = PBXBuildFile; fileRef = 1305686C1D563F91005BB80E /* CoreUserDefault.swift */; };
		130568721D566971005BB80E /* Timber.swift in Sources */ = {isa = PBXBuildFile; fileRef = 130568711D566971005BB80E /* Timber.swift */; };
		1308CC0A1D4598BF00E7A243 /* SubjectsViewController.swift in Sources */ = {isa = PBXBuildFile; fileRef = 1308CC091D4598BF00E7A243 /* SubjectsViewController.swift */; };
		1308CC0C1D45C6F100E7A243 /* CoursesViewController.swift in Sources */ = {isa = PBXBuildFile; fileRef = 1308CC0B1D45C6F100E7A243 /* CoursesViewController.swift */; };
		130AD7E31D49B3FB00CCD3E1 /* Utils.swift in Sources */ = {isa = PBXBuildFile; fileRef = 130AD7E21D49B3FB00CCD3E1 /* Utils.swift */; };
		130AD7E51D49B4DC00CCD3E1 /* NavigationController.swift in Sources */ = {isa = PBXBuildFile; fileRef = 130AD7E41D49B4DC00CCD3E1 /* NavigationController.swift */; };
		130F19CC1D4EAD3100D414AB /* SearchFlow.swift in Sources */ = {isa = PBXBuildFile; fileRef = 130F19CB1D4EAD3100D414AB /* SearchFlow.swift */; };
		130F19CE1D4ECC8B00D414AB /* CoreDataManager.swift in Sources */ = {isa = PBXBuildFile; fileRef = 130F19CD1D4ECC8B00D414AB /* CoreDataManager.swift */; };
		13130ED81D530E1A004BBF0C /* MetadataCell.swift in Sources */ = {isa = PBXBuildFile; fileRef = 13130ED61D530E1A004BBF0C /* MetadataCell.swift */; };
		13130ED91D530E1A004BBF0C /* MetadataCell.xib in Resources */ = {isa = PBXBuildFile; fileRef = 13130ED71D530E1A004BBF0C /* MetadataCell.xib */; };
		13130EDD1D5406CC004BBF0C /* MeetingView.swift in Sources */ = {isa = PBXBuildFile; fileRef = 13130EDC1D5406CC004BBF0C /* MeetingView.swift */; };
		131FF1461D4DAC8800F202C4 /* AppConstants.swift in Sources */ = {isa = PBXBuildFile; fileRef = 131FF1451D4DAC8800F202C4 /* AppConstants.swift */; };
		1327C0F21D445D5100F5F742 /* AppDelegate.swift in Sources */ = {isa = PBXBuildFile; fileRef = 1327C0F11D445D5100F5F742 /* AppDelegate.swift */; };
		1327C0F71D445D5100F5F742 /* Main.storyboard in Resources */ = {isa = PBXBuildFile; fileRef = 1327C0F51D445D5100F5F742 /* Main.storyboard */; };
		1327C0FA1D445D5100F5F742 /* UniversityCourseTracker.xcdatamodeld in Sources */ = {isa = PBXBuildFile; fileRef = 1327C0F81D445D5100F5F742 /* UniversityCourseTracker.xcdatamodeld */; };
		1327C0FC1D445D5100F5F742 /* Assets.xcassets in Resources */ = {isa = PBXBuildFile; fileRef = 1327C0FB1D445D5100F5F742 /* Assets.xcassets */; };
		1327C0FF1D445D5100F5F742 /* LaunchScreen.storyboard in Resources */ = {isa = PBXBuildFile; fileRef = 1327C0FD1D445D5100F5F742 /* LaunchScreen.storyboard */; };
		1327C10A1D445D5100F5F742 /* UniversityCourseTrackerTests.swift in Sources */ = {isa = PBXBuildFile; fileRef = 1327C1091D445D5100F5F742 /* UniversityCourseTrackerTests.swift */; };
		1327C1151D445D5100F5F742 /* UniversityCourseTrackerUITests.swift in Sources */ = {isa = PBXBuildFile; fileRef = 1327C1141D445D5100F5F742 /* UniversityCourseTrackerUITests.swift */; };
		1327C1261D445E2300F5F742 /* DataRepos.swift in Sources */ = {isa = PBXBuildFile; fileRef = 1327C1231D445E2300F5F742 /* DataRepos.swift */; };
		1327C12D1D453CA400F5F742 /* OptionsViewController.swift in Sources */ = {isa = PBXBuildFile; fileRef = 1327C12C1D453CA400F5F742 /* OptionsViewController.swift */; };
		13302BC91D5EC6F500922579 /* FirebaseManager.swift in Sources */ = {isa = PBXBuildFile; fileRef = 13302BC81D5EC6F500922579 /* FirebaseManager.swift */; };
		134CBCA21D56B00C001C4DD5 /* SectionViewController.swift in Sources */ = {isa = PBXBuildFile; fileRef = 134CBCA11D56B00C001C4DD5 /* SectionViewController.swift */; };
		1361A0B51D590FE500E98FB5 /* OrderedDictionary.swift in Sources */ = {isa = PBXBuildFile; fileRef = 1361A0B41D590FE500E98FB5 /* OrderedDictionary.swift */; };
		1367EBD11D58A3D500A05932 /* CourseHeaderView.swift in Sources */ = {isa = PBXBuildFile; fileRef = 1367EBCF1D58A3D500A05932 /* CourseHeaderView.swift */; };
		1367EBD21D58A3D500A05932 /* CourseHeaderView.xib in Resources */ = {isa = PBXBuildFile; fileRef = 1367EBD01D58A3D500A05932 /* CourseHeaderView.xib */; };
		1367EBD41D58AEBB00A05932 /* SectionHeaderView.xib in Resources */ = {isa = PBXBuildFile; fileRef = 1367EBD31D58AEBB00A05932 /* SectionHeaderView.xib */; };
		1367EBD61D58AECD00A05932 /* SectionHeaderView.swift in Sources */ = {isa = PBXBuildFile; fileRef = 1367EBD51D58AECD00A05932 /* SectionHeaderView.swift */; };
		1367EBD81D58CDAE00A05932 /* TrackedSectionsViewController.swift in Sources */ = {isa = PBXBuildFile; fileRef = 1367EBD71D58CDAE00A05932 /* TrackedSectionsViewController.swift */; };
		136D20951D519F1C00444319 /* SingleCourseViewController.swift in Sources */ = {isa = PBXBuildFile; fileRef = 136D20941D519F1C00444319 /* SingleCourseViewController.swift */; };
		137F92021D5EA7D500B352FC /* Notifications.swift in Sources */ = {isa = PBXBuildFile; fileRef = 137F92011D5EA7D500B352FC /* Notifications.swift */; };
		13B1825A1D4D702D00036D9A /* DefaultsViewController.swift in Sources */ = {isa = PBXBuildFile; fileRef = 13B182591D4D702D00036D9A /* DefaultsViewController.swift */; };
		13BADA5C1D57CFEE00B666CB /* TimeViewCell.swift in Sources */ = {isa = PBXBuildFile; fileRef = 13BADA5A1D57CFEE00B666CB /* TimeViewCell.swift */; };
		13BADA5D1D57CFEE00B666CB /* TimeViewCell.xib in Resources */ = {isa = PBXBuildFile; fileRef = 13BADA5B1D57CFEE00B666CB /* TimeViewCell.xib */; };
		13CCDB731D5FD20A0086C984 /* Reporting.swift in Sources */ = {isa = PBXBuildFile; fileRef = 13CCDB721D5FD20A0086C984 /* Reporting.swift */; };
		13D374B61D457FC0001940FD /* ModelExtensions.swift in Sources */ = {isa = PBXBuildFile; fileRef = 13D374B51D457FC0001940FD /* ModelExtensions.swift */; };
		13D8D5671D6798EC003C5540 /* PaddedLabel.swift in Sources */ = {isa = PBXBuildFile; fileRef = 13D8D5661D6798EC003C5540 /* PaddedLabel.swift */; };
		13DD66AB1D5AFE9600F53A4A /* MeetingView.xib in Resources */ = {isa = PBXBuildFile; fileRef = 13DD66AA1D5AFE9600F53A4A /* MeetingView.xib */; };
		13DD66AD1D5BF7B600F53A4A /* Model.proto.swift in Sources */ = {isa = PBXBuildFile; fileRef = 13DD66AC1D5BF7B600F53A4A /* Model.proto.swift */; };
		13F2A8FE1D5D5983006EA852 /* GoogleService-Info.plist in Resources */ = {isa = PBXBuildFile; fileRef = 13F2A8FD1D5D5983006EA852 /* GoogleService-Info.plist */; };
		13FA20791D52B00800887546 /* SectionViewCell.xib in Resources */ = {isa = PBXBuildFile; fileRef = 13FA20781D52B00800887546 /* SectionViewCell.xib */; };
		13FA207B1D52BED600887546 /* SectionViewCell.swift in Sources */ = {isa = PBXBuildFile; fileRef = 13FA207A1D52BED600887546 /* SectionViewCell.swift */; };
		5F950D8FC3FE34833A4EB7D7 /* Pods_UniversityCourseTracker.framework in Frameworks */ = {isa = PBXBuildFile; fileRef = DA169E6AF73E153CB08D713E /* Pods_UniversityCourseTracker.framework */; };
/* End PBXBuildFile section */

/* Begin PBXContainerItemProxy section */
		1327C1061D445D5100F5F742 /* PBXContainerItemProxy */ = {
			isa = PBXContainerItemProxy;
			containerPortal = 1327C0E61D445D5000F5F742 /* Project object */;
			proxyType = 1;
			remoteGlobalIDString = 1327C0ED1D445D5000F5F742;
			remoteInfo = UniversityCourseTracker;
		};
		1327C1111D445D5100F5F742 /* PBXContainerItemProxy */ = {
			isa = PBXContainerItemProxy;
			containerPortal = 1327C0E61D445D5000F5F742 /* Project object */;
			proxyType = 1;
			remoteGlobalIDString = 1327C0ED1D445D5000F5F742;
			remoteInfo = UniversityCourseTracker;
		};
/* End PBXContainerItemProxy section */

/* Begin PBXFileReference section */
		03004C40BA27EF03462451B7 /* Pods-UniversityCourseTracker.release.xcconfig */ = {isa = PBXFileReference; includeInIndex = 1; lastKnownFileType = text.xcconfig; name = "Pods-UniversityCourseTracker.release.xcconfig"; path = "Pods/Target Support Files/Pods-UniversityCourseTracker/Pods-UniversityCourseTracker.release.xcconfig"; sourceTree = "<group>"; };
		1305685F1D563DFD005BB80E /* CoreDataExtensions.swift */ = {isa = PBXFileReference; fileEncoding = 4; lastKnownFileType = sourcecode.swift; path = CoreDataExtensions.swift; sourceTree = "<group>"; };
		130568691D563F91005BB80E /* CoreSubscription+CoreDataProperties.swift */ = {isa = PBXFileReference; fileEncoding = 4; lastKnownFileType = sourcecode.swift; path = "CoreSubscription+CoreDataProperties.swift"; sourceTree = "<group>"; };
		1305686A1D563F91005BB80E /* CoreSubscription.swift */ = {isa = PBXFileReference; fileEncoding = 4; lastKnownFileType = sourcecode.swift; path = CoreSubscription.swift; sourceTree = "<group>"; };
		1305686B1D563F91005BB80E /* CoreUserDefault+CoreDataProperties.swift */ = {isa = PBXFileReference; fileEncoding = 4; lastKnownFileType = sourcecode.swift; path = "CoreUserDefault+CoreDataProperties.swift"; sourceTree = "<group>"; };
		1305686C1D563F91005BB80E /* CoreUserDefault.swift */ = {isa = PBXFileReference; fileEncoding = 4; lastKnownFileType = sourcecode.swift; path = CoreUserDefault.swift; sourceTree = "<group>"; };
		130568711D566971005BB80E /* Timber.swift */ = {isa = PBXFileReference; fileEncoding = 4; lastKnownFileType = sourcecode.swift; path = Timber.swift; sourceTree = "<group>"; };
		1308CC091D4598BF00E7A243 /* SubjectsViewController.swift */ = {isa = PBXFileReference; fileEncoding = 4; lastKnownFileType = sourcecode.swift; path = SubjectsViewController.swift; sourceTree = "<group>"; };
		1308CC0B1D45C6F100E7A243 /* CoursesViewController.swift */ = {isa = PBXFileReference; fileEncoding = 4; lastKnownFileType = sourcecode.swift; path = CoursesViewController.swift; sourceTree = "<group>"; };
		130AD7E21D49B3FB00CCD3E1 /* Utils.swift */ = {isa = PBXFileReference; fileEncoding = 4; lastKnownFileType = sourcecode.swift; path = Utils.swift; sourceTree = "<group>"; };
		130AD7E41D49B4DC00CCD3E1 /* NavigationController.swift */ = {isa = PBXFileReference; fileEncoding = 4; lastKnownFileType = sourcecode.swift; path = NavigationController.swift; sourceTree = "<group>"; };
		130F19CB1D4EAD3100D414AB /* SearchFlow.swift */ = {isa = PBXFileReference; fileEncoding = 4; lastKnownFileType = sourcecode.swift; path = SearchFlow.swift; sourceTree = "<group>"; };
		130F19CD1D4ECC8B00D414AB /* CoreDataManager.swift */ = {isa = PBXFileReference; fileEncoding = 4; lastKnownFileType = sourcecode.swift; path = CoreDataManager.swift; sourceTree = "<group>"; };
		13130ED61D530E1A004BBF0C /* MetadataCell.swift */ = {isa = PBXFileReference; fileEncoding = 4; lastKnownFileType = sourcecode.swift; path = MetadataCell.swift; sourceTree = "<group>"; };
		13130ED71D530E1A004BBF0C /* MetadataCell.xib */ = {isa = PBXFileReference; fileEncoding = 4; lastKnownFileType = file.xib; path = MetadataCell.xib; sourceTree = "<group>"; };
		13130EDC1D5406CC004BBF0C /* MeetingView.swift */ = {isa = PBXFileReference; fileEncoding = 4; lastKnownFileType = sourcecode.swift; path = MeetingView.swift; sourceTree = "<group>"; };
		131FF1451D4DAC8800F202C4 /* AppConstants.swift */ = {isa = PBXFileReference; fileEncoding = 4; lastKnownFileType = sourcecode.swift; path = AppConstants.swift; sourceTree = "<group>"; };
		1327C0EE1D445D5000F5F742 /* UniversityCourseTracker.app */ = {isa = PBXFileReference; explicitFileType = wrapper.application; includeInIndex = 0; path = UniversityCourseTracker.app; sourceTree = BUILT_PRODUCTS_DIR; };
		1327C0F11D445D5100F5F742 /* AppDelegate.swift */ = {isa = PBXFileReference; lastKnownFileType = sourcecode.swift; path = AppDelegate.swift; sourceTree = "<group>"; };
		1327C0F61D445D5100F5F742 /* Base */ = {isa = PBXFileReference; lastKnownFileType = file.storyboard; name = Base; path = Base.lproj/Main.storyboard; sourceTree = "<group>"; };
		1327C0F91D445D5100F5F742 /* UniversityCourseTracker.xcdatamodel */ = {isa = PBXFileReference; lastKnownFileType = wrapper.xcdatamodel; path = UniversityCourseTracker.xcdatamodel; sourceTree = "<group>"; };
		1327C0FB1D445D5100F5F742 /* Assets.xcassets */ = {isa = PBXFileReference; lastKnownFileType = folder.assetcatalog; path = Assets.xcassets; sourceTree = "<group>"; };
		1327C0FE1D445D5100F5F742 /* Base */ = {isa = PBXFileReference; lastKnownFileType = file.storyboard; name = Base; path = Base.lproj/LaunchScreen.storyboard; sourceTree = "<group>"; };
		1327C1001D445D5100F5F742 /* Info.plist */ = {isa = PBXFileReference; lastKnownFileType = text.plist.xml; path = Info.plist; sourceTree = "<group>"; };
		1327C1051D445D5100F5F742 /* UniversityCourseTrackerTests.xctest */ = {isa = PBXFileReference; explicitFileType = wrapper.cfbundle; includeInIndex = 0; path = UniversityCourseTrackerTests.xctest; sourceTree = BUILT_PRODUCTS_DIR; };
		1327C1091D445D5100F5F742 /* UniversityCourseTrackerTests.swift */ = {isa = PBXFileReference; lastKnownFileType = sourcecode.swift; path = UniversityCourseTrackerTests.swift; sourceTree = "<group>"; };
		1327C10B1D445D5100F5F742 /* Info.plist */ = {isa = PBXFileReference; lastKnownFileType = text.plist.xml; path = Info.plist; sourceTree = "<group>"; };
		1327C1101D445D5100F5F742 /* UniversityCourseTrackerUITests.xctest */ = {isa = PBXFileReference; explicitFileType = wrapper.cfbundle; includeInIndex = 0; path = UniversityCourseTrackerUITests.xctest; sourceTree = BUILT_PRODUCTS_DIR; };
		1327C1141D445D5100F5F742 /* UniversityCourseTrackerUITests.swift */ = {isa = PBXFileReference; lastKnownFileType = sourcecode.swift; path = UniversityCourseTrackerUITests.swift; sourceTree = "<group>"; };
		1327C1161D445D5100F5F742 /* Info.plist */ = {isa = PBXFileReference; lastKnownFileType = text.plist.xml; path = Info.plist; sourceTree = "<group>"; };
		1327C1231D445E2300F5F742 /* DataRepos.swift */ = {isa = PBXFileReference; fileEncoding = 4; lastKnownFileType = sourcecode.swift; path = DataRepos.swift; sourceTree = "<group>"; };
		1327C12C1D453CA400F5F742 /* OptionsViewController.swift */ = {isa = PBXFileReference; fileEncoding = 4; lastKnownFileType = sourcecode.swift; path = OptionsViewController.swift; sourceTree = "<group>"; };
		13302BC81D5EC6F500922579 /* FirebaseManager.swift */ = {isa = PBXFileReference; fileEncoding = 4; lastKnownFileType = sourcecode.swift; path = FirebaseManager.swift; sourceTree = "<group>"; };
		134CBCA11D56B00C001C4DD5 /* SectionViewController.swift */ = {isa = PBXFileReference; fileEncoding = 4; lastKnownFileType = sourcecode.swift; path = SectionViewController.swift; sourceTree = "<group>"; };
		1361A0B41D590FE500E98FB5 /* OrderedDictionary.swift */ = {isa = PBXFileReference; fileEncoding = 4; lastKnownFileType = sourcecode.swift; path = OrderedDictionary.swift; sourceTree = "<group>"; };
		1367EBCF1D58A3D500A05932 /* CourseHeaderView.swift */ = {isa = PBXFileReference; fileEncoding = 4; lastKnownFileType = sourcecode.swift; path = CourseHeaderView.swift; sourceTree = "<group>"; };
		1367EBD01D58A3D500A05932 /* CourseHeaderView.xib */ = {isa = PBXFileReference; fileEncoding = 4; lastKnownFileType = file.xib; path = CourseHeaderView.xib; sourceTree = "<group>"; };
		1367EBD31D58AEBB00A05932 /* SectionHeaderView.xib */ = {isa = PBXFileReference; fileEncoding = 4; lastKnownFileType = file.xib; path = SectionHeaderView.xib; sourceTree = "<group>"; };
		1367EBD51D58AECD00A05932 /* SectionHeaderView.swift */ = {isa = PBXFileReference; fileEncoding = 4; lastKnownFileType = sourcecode.swift; path = SectionHeaderView.swift; sourceTree = "<group>"; };
		1367EBD71D58CDAE00A05932 /* TrackedSectionsViewController.swift */ = {isa = PBXFileReference; fileEncoding = 4; lastKnownFileType = sourcecode.swift; path = TrackedSectionsViewController.swift; sourceTree = "<group>"; };
		136D20941D519F1C00444319 /* SingleCourseViewController.swift */ = {isa = PBXFileReference; fileEncoding = 4; lastKnownFileType = sourcecode.swift; path = SingleCourseViewController.swift; sourceTree = "<group>"; };
		137F92011D5EA7D500B352FC /* Notifications.swift */ = {isa = PBXFileReference; fileEncoding = 4; lastKnownFileType = sourcecode.swift; name = Notifications.swift; path = ../Notifications.swift; sourceTree = "<group>"; };
		13B182591D4D702D00036D9A /* DefaultsViewController.swift */ = {isa = PBXFileReference; fileEncoding = 4; lastKnownFileType = sourcecode.swift; path = DefaultsViewController.swift; sourceTree = "<group>"; };
		13BADA5A1D57CFEE00B666CB /* TimeViewCell.swift */ = {isa = PBXFileReference; fileEncoding = 4; lastKnownFileType = sourcecode.swift; path = TimeViewCell.swift; sourceTree = "<group>"; };
		13BADA5B1D57CFEE00B666CB /* TimeViewCell.xib */ = {isa = PBXFileReference; fileEncoding = 4; lastKnownFileType = file.xib; path = TimeViewCell.xib; sourceTree = "<group>"; };
		13CCDB721D5FD20A0086C984 /* Reporting.swift */ = {isa = PBXFileReference; fileEncoding = 4; lastKnownFileType = sourcecode.swift; path = Reporting.swift; sourceTree = "<group>"; };
		13D374B51D457FC0001940FD /* ModelExtensions.swift */ = {isa = PBXFileReference; fileEncoding = 4; lastKnownFileType = sourcecode.swift; path = ModelExtensions.swift; sourceTree = "<group>"; };
		13D8D5661D6798EC003C5540 /* PaddedLabel.swift */ = {isa = PBXFileReference; fileEncoding = 4; lastKnownFileType = sourcecode.swift; path = PaddedLabel.swift; sourceTree = "<group>"; };
		13DD66AA1D5AFE9600F53A4A /* MeetingView.xib */ = {isa = PBXFileReference; fileEncoding = 4; lastKnownFileType = file.xib; path = MeetingView.xib; sourceTree = "<group>"; };
		13DD66AC1D5BF7B600F53A4A /* Model.proto.swift */ = {isa = PBXFileReference; fileEncoding = 4; lastKnownFileType = sourcecode.swift; path = Model.proto.swift; sourceTree = "<group>"; };
		13F2A8FA1D5C0786006EA852 /* UniversityCourseTracker.entitlements */ = {isa = PBXFileReference; lastKnownFileType = text.xml; path = UniversityCourseTracker.entitlements; sourceTree = "<group>"; };
		13F2A8FD1D5D5983006EA852 /* GoogleService-Info.plist */ = {isa = PBXFileReference; fileEncoding = 4; lastKnownFileType = text.plist.xml; path = "GoogleService-Info.plist"; sourceTree = "<group>"; };
		13FA20781D52B00800887546 /* SectionViewCell.xib */ = {isa = PBXFileReference; fileEncoding = 4; lastKnownFileType = file.xib; path = SectionViewCell.xib; sourceTree = "<group>"; };
		13FA207A1D52BED600887546 /* SectionViewCell.swift */ = {isa = PBXFileReference; fileEncoding = 4; lastKnownFileType = sourcecode.swift; path = SectionViewCell.swift; sourceTree = "<group>"; };
		87BC2D251BD3C4413C189788 /* Pods-UniversityCourseTracker.debug.xcconfig */ = {isa = PBXFileReference; includeInIndex = 1; lastKnownFileType = text.xcconfig; name = "Pods-UniversityCourseTracker.debug.xcconfig"; path = "Pods/Target Support Files/Pods-UniversityCourseTracker/Pods-UniversityCourseTracker.debug.xcconfig"; sourceTree = "<group>"; };
		DA169E6AF73E153CB08D713E /* Pods_UniversityCourseTracker.framework */ = {isa = PBXFileReference; explicitFileType = wrapper.framework; includeInIndex = 0; path = Pods_UniversityCourseTracker.framework; sourceTree = BUILT_PRODUCTS_DIR; };
/* End PBXFileReference section */

/* Begin PBXFrameworksBuildPhase section */
		1327C0EB1D445D5000F5F742 /* Frameworks */ = {
			isa = PBXFrameworksBuildPhase;
			buildActionMask = 2147483647;
			files = (
				5F950D8FC3FE34833A4EB7D7 /* Pods_UniversityCourseTracker.framework in Frameworks */,
			);
			runOnlyForDeploymentPostprocessing = 0;
		};
		1327C1021D445D5100F5F742 /* Frameworks */ = {
			isa = PBXFrameworksBuildPhase;
			buildActionMask = 2147483647;
			files = (
			);
			runOnlyForDeploymentPostprocessing = 0;
		};
		1327C10D1D445D5100F5F742 /* Frameworks */ = {
			isa = PBXFrameworksBuildPhase;
			buildActionMask = 2147483647;
			files = (
			);
			runOnlyForDeploymentPostprocessing = 0;
		};
/* End PBXFrameworksBuildPhase section */

/* Begin PBXGroup section */
		1305685E1D563DBF005BB80E /* Data */ = {
			isa = PBXGroup;
			children = (
				13D8D5651D66D776003C5540 /* Core */,
				1327C1281D445E2F00F5F742 /* Model */,
				1327C1291D445E3800F5F742 /* Repository */,
				13CCDB721D5FD20A0086C984 /* Reporting.swift */,
				137F92011D5EA7D500B352FC /* Notifications.swift */,
			);
			path = Data;
			sourceTree = "<group>";
		};
		130568741D5681BD005BB80E /* Custom Views */ = {
			isa = PBXGroup;
			children = (
				1367EBCF1D58A3D500A05932 /* CourseHeaderView.swift */,
				1367EBD01D58A3D500A05932 /* CourseHeaderView.xib */,
				13130EDC1D5406CC004BBF0C /* MeetingView.swift */,
				13DD66AA1D5AFE9600F53A4A /* MeetingView.xib */,
				13130ED61D530E1A004BBF0C /* MetadataCell.swift */,
				13130ED71D530E1A004BBF0C /* MetadataCell.xib */,
				1367EBD51D58AECD00A05932 /* SectionHeaderView.swift */,
				1367EBD31D58AEBB00A05932 /* SectionHeaderView.xib */,
				13FA207A1D52BED600887546 /* SectionViewCell.swift */,
				13FA20781D52B00800887546 /* SectionViewCell.xib */,
				13BADA5A1D57CFEE00B666CB /* TimeViewCell.swift */,
				13BADA5B1D57CFEE00B666CB /* TimeViewCell.xib */,
			);
			path = "Custom Views";
			sourceTree = "<group>";
		};
		130568751D5681E2005BB80E /* Supporting Files */ = {
			isa = PBXGroup;
			children = (
				1361A0B41D590FE500E98FB5 /* OrderedDictionary.swift */,
				130568711D566971005BB80E /* Timber.swift */,
				130AD7E21D49B3FB00CCD3E1 /* Utils.swift */,
				13D8D5661D6798EC003C5540 /* PaddedLabel.swift */,
			);
			path = "Supporting Files";
			sourceTree = "<group>";
		};
		1327C0E51D445D5000F5F742 = {
			isa = PBXGroup;
			children = (
				15F466176E339473D4DEA842 /* Frameworks */,
				3F8C94C29AFD5345ED58ABF1 /* Pods */,
				1327C0EF1D445D5000F5F742 /* Products */,
				1327C0F01D445D5100F5F742 /* UniversityCourseTracker */,
				1327C1081D445D5100F5F742 /* UniversityCourseTrackerTests */,
				1327C1131D445D5100F5F742 /* UniversityCourseTrackerUITests */,
			);
			sourceTree = "<group>";
		};
		1327C0EF1D445D5000F5F742 /* Products */ = {
			isa = PBXGroup;
			children = (
				1327C0EE1D445D5000F5F742 /* UniversityCourseTracker.app */,
				1327C1051D445D5100F5F742 /* UniversityCourseTrackerTests.xctest */,
				1327C1101D445D5100F5F742 /* UniversityCourseTrackerUITests.xctest */,
			);
			name = Products;
			sourceTree = "<group>";
		};
		1327C0F01D445D5100F5F742 /* UniversityCourseTracker */ = {
			isa = PBXGroup;
			children = (
				130568741D5681BD005BB80E /* Custom Views */,
				1305685E1D563DBF005BB80E /* Data */,
				1327C12E1D453CAD00F5F742 /* View Controllers */,
				130568751D5681E2005BB80E /* Supporting Files */,
				1327C0F11D445D5100F5F742 /* AppDelegate.swift */,
				1327C0FB1D445D5100F5F742 /* Assets.xcassets */,
				13F2A8FD1D5D5983006EA852 /* GoogleService-Info.plist */,
				1327C1001D445D5100F5F742 /* Info.plist */,
				1327C0FD1D445D5100F5F742 /* LaunchScreen.storyboard */,
				1327C0F51D445D5100F5F742 /* Main.storyboard */,
				13F2A8FA1D5C0786006EA852 /* UniversityCourseTracker.entitlements */,
			);
			path = UniversityCourseTracker;
			sourceTree = "<group>";
		};
		1327C1081D445D5100F5F742 /* UniversityCourseTrackerTests */ = {
			isa = PBXGroup;
			children = (
				1327C10B1D445D5100F5F742 /* Info.plist */,
				1327C1091D445D5100F5F742 /* UniversityCourseTrackerTests.swift */,
			);
			path = UniversityCourseTrackerTests;
			sourceTree = "<group>";
		};
		1327C1131D445D5100F5F742 /* UniversityCourseTrackerUITests */ = {
			isa = PBXGroup;
			children = (
				1327C1161D445D5100F5F742 /* Info.plist */,
				1327C1141D445D5100F5F742 /* UniversityCourseTrackerUITests.swift */,
			);
			path = UniversityCourseTrackerUITests;
			sourceTree = "<group>";
		};
		1327C1281D445E2F00F5F742 /* Model */ = {
			isa = PBXGroup;
			children = (
				13DD66AC1D5BF7B600F53A4A /* Model.proto.swift */,
				13D374B51D457FC0001940FD /* ModelExtensions.swift */,
			);
			path = Model;
			sourceTree = "<group>";
		};
		1327C1291D445E3800F5F742 /* Repository */ = {
			isa = PBXGroup;
			children = (
				131FF1451D4DAC8800F202C4 /* AppConstants.swift */,
				130F19CD1D4ECC8B00D414AB /* CoreDataManager.swift */,
				1327C1231D445E2300F5F742 /* DataRepos.swift */,
				13302BC81D5EC6F500922579 /* FirebaseManager.swift */,
				130F19CB1D4EAD3100D414AB /* SearchFlow.swift */,
			);
			path = Repository;
			sourceTree = "<group>";
		};
		1327C12E1D453CAD00F5F742 /* View Controllers */ = {
			isa = PBXGroup;
			children = (
				1308CC0B1D45C6F100E7A243 /* CoursesViewController.swift */,
				13B182591D4D702D00036D9A /* DefaultsViewController.swift */,
				130AD7E41D49B4DC00CCD3E1 /* NavigationController.swift */,
				1327C12C1D453CA400F5F742 /* OptionsViewController.swift */,
				134CBCA11D56B00C001C4DD5 /* SectionViewController.swift */,
				136D20941D519F1C00444319 /* SingleCourseViewController.swift */,
				1308CC091D4598BF00E7A243 /* SubjectsViewController.swift */,
				1367EBD71D58CDAE00A05932 /* TrackedSectionsViewController.swift */,
			);
			path = "View Controllers";
			sourceTree = "<group>";
		};
		13D8D5651D66D776003C5540 /* Core */ = {
			isa = PBXGroup;
			children = (
				1305685F1D563DFD005BB80E /* CoreDataExtensions.swift */,
				130568691D563F91005BB80E /* CoreSubscription+CoreDataProperties.swift */,
				1305686A1D563F91005BB80E /* CoreSubscription.swift */,
				1305686B1D563F91005BB80E /* CoreUserDefault+CoreDataProperties.swift */,
				1305686C1D563F91005BB80E /* CoreUserDefault.swift */,
				1327C0F81D445D5100F5F742 /* UniversityCourseTracker.xcdatamodeld */,
			);
			path = Core;
			sourceTree = "<group>";
		};
		15F466176E339473D4DEA842 /* Frameworks */ = {
			isa = PBXGroup;
			children = (
				DA169E6AF73E153CB08D713E /* Pods_UniversityCourseTracker.framework */,
			);
			name = Frameworks;
			sourceTree = "<group>";
		};
		3F8C94C29AFD5345ED58ABF1 /* Pods */ = {
			isa = PBXGroup;
			children = (
				87BC2D251BD3C4413C189788 /* Pods-UniversityCourseTracker.debug.xcconfig */,
				03004C40BA27EF03462451B7 /* Pods-UniversityCourseTracker.release.xcconfig */,
			);
			name = Pods;
			sourceTree = "<group>";
		};
/* End PBXGroup section */

/* Begin PBXNativeTarget section */
		1327C0ED1D445D5000F5F742 /* UniversityCourseTracker */ = {
			isa = PBXNativeTarget;
			buildConfigurationList = 1327C1191D445D5100F5F742 /* Build configuration list for PBXNativeTarget "UniversityCourseTracker" */;
			buildPhases = (
				F7135512DAE40D61E5F7A5D0 /* [CP] Check Pods Manifest.lock */,
				1327C0EA1D445D5000F5F742 /* Sources */,
				1327C0EB1D445D5000F5F742 /* Frameworks */,
				1327C0EC1D445D5000F5F742 /* Resources */,
				F85C184359900AFAE798ADB5 /* [CP] Embed Pods Frameworks */,
				A1B21D7FBCA88D3A54DB3753 /* [CP] Copy Pods Resources */,
				139289EE1D5FEC9600B307B3 /* ShellScript */,
				139289EF1D5FF02900B307B3 /* Run Script */,
			);
			buildRules = (
			);
			dependencies = (
			);
			name = UniversityCourseTracker;
			productName = UniversityCourseTracker;
			productReference = 1327C0EE1D445D5000F5F742 /* UniversityCourseTracker.app */;
			productType = "com.apple.product-type.application";
		};
		1327C1041D445D5100F5F742 /* UniversityCourseTrackerTests */ = {
			isa = PBXNativeTarget;
			buildConfigurationList = 1327C11C1D445D5100F5F742 /* Build configuration list for PBXNativeTarget "UniversityCourseTrackerTests" */;
			buildPhases = (
				1327C1011D445D5100F5F742 /* Sources */,
				1327C1021D445D5100F5F742 /* Frameworks */,
				1327C1031D445D5100F5F742 /* Resources */,
			);
			buildRules = (
			);
			dependencies = (
				1327C1071D445D5100F5F742 /* PBXTargetDependency */,
			);
			name = UniversityCourseTrackerTests;
			productName = UniversityCourseTrackerTests;
			productReference = 1327C1051D445D5100F5F742 /* UniversityCourseTrackerTests.xctest */;
			productType = "com.apple.product-type.bundle.unit-test";
		};
		1327C10F1D445D5100F5F742 /* UniversityCourseTrackerUITests */ = {
			isa = PBXNativeTarget;
			buildConfigurationList = 1327C11F1D445D5100F5F742 /* Build configuration list for PBXNativeTarget "UniversityCourseTrackerUITests" */;
			buildPhases = (
				1327C10C1D445D5100F5F742 /* Sources */,
				1327C10D1D445D5100F5F742 /* Frameworks */,
				1327C10E1D445D5100F5F742 /* Resources */,
			);
			buildRules = (
			);
			dependencies = (
				1327C1121D445D5100F5F742 /* PBXTargetDependency */,
			);
			name = UniversityCourseTrackerUITests;
			productName = UniversityCourseTrackerUITests;
			productReference = 1327C1101D445D5100F5F742 /* UniversityCourseTrackerUITests.xctest */;
			productType = "com.apple.product-type.bundle.ui-testing";
		};
/* End PBXNativeTarget section */

/* Begin PBXProject section */
		1327C0E61D445D5000F5F742 /* Project object */ = {
			isa = PBXProject;
			attributes = {
				LastSwiftUpdateCheck = 0730;
				LastUpgradeCheck = 0730;
				ORGANIZATIONNAME = "Tevin Jeffrey";
				TargetAttributes = {
					1327C0ED1D445D5000F5F742 = {
						CreatedOnToolsVersion = 7.3.1;
						DevelopmentTeam = KY3W4D44PY;
						SystemCapabilities = {
							com.apple.BackgroundModes = {
								enabled = 1;
							};
							com.apple.Keychain = {
								enabled = 0;
							};
							com.apple.Push = {
								enabled = 1;
							};
						};
					};
					1327C1041D445D5100F5F742 = {
						CreatedOnToolsVersion = 7.3.1;
						DevelopmentTeam = 33EY486PX7;
						TestTargetID = 1327C0ED1D445D5000F5F742;
					};
					1327C10F1D445D5100F5F742 = {
						CreatedOnToolsVersion = 7.3.1;
						DevelopmentTeam = 33EY486PX7;
						TestTargetID = 1327C0ED1D445D5000F5F742;
					};
				};
			};
			buildConfigurationList = 1327C0E91D445D5000F5F742 /* Build configuration list for PBXProject "UniversityCourseTracker" */;
			compatibilityVersion = "Xcode 3.2";
			developmentRegion = English;
			hasScannedForEncodings = 0;
			knownRegions = (
				en,
				Base,
			);
			mainGroup = 1327C0E51D445D5000F5F742;
			productRefGroup = 1327C0EF1D445D5000F5F742 /* Products */;
			projectDirPath = "";
			projectRoot = "";
			targets = (
				1327C0ED1D445D5000F5F742 /* UniversityCourseTracker */,
				1327C1041D445D5100F5F742 /* UniversityCourseTrackerTests */,
				1327C10F1D445D5100F5F742 /* UniversityCourseTrackerUITests */,
			);
		};
/* End PBXProject section */

/* Begin PBXResourcesBuildPhase section */
		1327C0EC1D445D5000F5F742 /* Resources */ = {
			isa = PBXResourcesBuildPhase;
			buildActionMask = 2147483647;
			files = (
				1327C0FF1D445D5100F5F742 /* LaunchScreen.storyboard in Resources */,
				1327C0FC1D445D5100F5F742 /* Assets.xcassets in Resources */,
				1367EBD21D58A3D500A05932 /* CourseHeaderView.xib in Resources */,
				13BADA5D1D57CFEE00B666CB /* TimeViewCell.xib in Resources */,
				1367EBD41D58AEBB00A05932 /* SectionHeaderView.xib in Resources */,
				13DD66AB1D5AFE9600F53A4A /* MeetingView.xib in Resources */,
				13FA20791D52B00800887546 /* SectionViewCell.xib in Resources */,
				13F2A8FE1D5D5983006EA852 /* GoogleService-Info.plist in Resources */,
				1327C0F71D445D5100F5F742 /* Main.storyboard in Resources */,
				13130ED91D530E1A004BBF0C /* MetadataCell.xib in Resources */,
			);
			runOnlyForDeploymentPostprocessing = 0;
		};
		1327C1031D445D5100F5F742 /* Resources */ = {
			isa = PBXResourcesBuildPhase;
			buildActionMask = 2147483647;
			files = (
			);
			runOnlyForDeploymentPostprocessing = 0;
		};
		1327C10E1D445D5100F5F742 /* Resources */ = {
			isa = PBXResourcesBuildPhase;
			buildActionMask = 2147483647;
			files = (
			);
			runOnlyForDeploymentPostprocessing = 0;
		};
/* End PBXResourcesBuildPhase section */

/* Begin PBXShellScriptBuildPhase section */
		139289EE1D5FEC9600B307B3 /* ShellScript */ = {
			isa = PBXShellScriptBuildPhase;
			buildActionMask = 2147483647;
			files = (
			);
			inputPaths = (
			);
			outputPaths = (
			);
			runOnlyForDeploymentPostprocessing = 0;
			shellPath = /bin/sh;
			shellScript = "# Replace this path with the path to the key you just downloaded\nJSON_FILE=/Users/tevin/Desktop/Development/UniversityCourseTracker/universitycoursetracker.json\n# Replace this with the GOOGLE_APP_ID from your GoogleService-Info.plist file\nGOOGLE_APP_ID=***REMOVED***\n\ndefaults write com.google.SymbolUpload version -integer 1   # creates file if it does not exist\nJSON=$(cat \"${JSON_FILE}\")\n/usr/bin/plutil -replace \"app_${GOOGLE_APP_ID//:/_}\" -json \"${JSON}\" \"$HOME/Library/Preferences/com.google.SymbolUpload.plist\"\n\"${PODS_ROOT}\"/FirebaseCrash/upload-sym";
		};
		139289EF1D5FF02900B307B3 /* Run Script */ = {
			isa = PBXShellScriptBuildPhase;
			buildActionMask = 2147483647;
			files = (
			);
			inputPaths = (
			);
			name = "Run Script";
			outputPaths = (
			);
			runOnlyForDeploymentPostprocessing = 0;
			shellPath = /bin/sh;
			shellScript = "\"${PODS_ROOT}/Fabric/run\" 833534bcb0efa4959e3a72cd803a7e3251d6bc65 5ee950c87595cbc7979b8155f17b7360c5ae91adbcb82601746248198b2d1556";
		};
		A1B21D7FBCA88D3A54DB3753 /* [CP] Copy Pods Resources */ = {
			isa = PBXShellScriptBuildPhase;
			buildActionMask = 2147483647;
			files = (
			);
			inputPaths = (
			);
			name = "[CP] Copy Pods Resources";
			outputPaths = (
			);
			runOnlyForDeploymentPostprocessing = 0;
			shellPath = /bin/sh;
			shellScript = "\"${SRCROOT}/Pods/Target Support Files/Pods-UniversityCourseTracker/Pods-UniversityCourseTracker-resources.sh\"\n";
			showEnvVarsInLog = 0;
		};
		F7135512DAE40D61E5F7A5D0 /* [CP] Check Pods Manifest.lock */ = {
			isa = PBXShellScriptBuildPhase;
			buildActionMask = 2147483647;
			files = (
			);
			inputPaths = (
			);
			name = "[CP] Check Pods Manifest.lock";
			outputPaths = (
			);
			runOnlyForDeploymentPostprocessing = 0;
			shellPath = /bin/sh;
			shellScript = "diff \"${PODS_ROOT}/../Podfile.lock\" \"${PODS_ROOT}/Manifest.lock\" > /dev/null\nif [[ $? != 0 ]] ; then\n    cat << EOM\nerror: The sandbox is not in sync with the Podfile.lock. Run 'pod install' or update your CocoaPods installation.\nEOM\n    exit 1\nfi\n";
			showEnvVarsInLog = 0;
		};
		F85C184359900AFAE798ADB5 /* [CP] Embed Pods Frameworks */ = {
			isa = PBXShellScriptBuildPhase;
			buildActionMask = 2147483647;
			files = (
			);
			inputPaths = (
			);
			name = "[CP] Embed Pods Frameworks";
			outputPaths = (
			);
			runOnlyForDeploymentPostprocessing = 0;
			shellPath = /bin/sh;
			shellScript = "\"${SRCROOT}/Pods/Target Support Files/Pods-UniversityCourseTracker/Pods-UniversityCourseTracker-frameworks.sh\"\n";
			showEnvVarsInLog = 0;
		};
/* End PBXShellScriptBuildPhase section */

/* Begin PBXSourcesBuildPhase section */
		1327C0EA1D445D5000F5F742 /* Sources */ = {
			isa = PBXSourcesBuildPhase;
			buildActionMask = 2147483647;
			files = (
				1327C12D1D453CA400F5F742 /* OptionsViewController.swift in Sources */,
				130568701D563F91005BB80E /* CoreUserDefault.swift in Sources */,
				13CCDB731D5FD20A0086C984 /* Reporting.swift in Sources */,
				1308CC0A1D4598BF00E7A243 /* SubjectsViewController.swift in Sources */,
				1308CC0C1D45C6F100E7A243 /* CoursesViewController.swift in Sources */,
				13130ED81D530E1A004BBF0C /* MetadataCell.swift in Sources */,
				13BADA5C1D57CFEE00B666CB /* TimeViewCell.swift in Sources */,
				13D374B61D457FC0001940FD /* ModelExtensions.swift in Sources */,
				131FF1461D4DAC8800F202C4 /* AppConstants.swift in Sources */,
				1305686D1D563F91005BB80E /* CoreSubscription+CoreDataProperties.swift in Sources */,
				13FA207B1D52BED600887546 /* SectionViewCell.swift in Sources */,
				1367EBD11D58A3D500A05932 /* CourseHeaderView.swift in Sources */,
				130AD7E51D49B4DC00CCD3E1 /* NavigationController.swift in Sources */,
				13302BC91D5EC6F500922579 /* FirebaseManager.swift in Sources */,
				130F19CC1D4EAD3100D414AB /* SearchFlow.swift in Sources */,
				130568721D566971005BB80E /* Timber.swift in Sources */,
				1367EBD61D58AECD00A05932 /* SectionHeaderView.swift in Sources */,
				136D20951D519F1C00444319 /* SingleCourseViewController.swift in Sources */,
				130568601D563DFD005BB80E /* CoreDataExtensions.swift in Sources */,
				13130EDD1D5406CC004BBF0C /* MeetingView.swift in Sources */,
				1327C1261D445E2300F5F742 /* DataRepos.swift in Sources */,
				130F19CE1D4ECC8B00D414AB /* CoreDataManager.swift in Sources */,
				13B1825A1D4D702D00036D9A /* DefaultsViewController.swift in Sources */,
				1305686F1D563F91005BB80E /* CoreUserDefault+CoreDataProperties.swift in Sources */,
				1327C0F21D445D5100F5F742 /* AppDelegate.swift in Sources */,
				1305686E1D563F91005BB80E /* CoreSubscription.swift in Sources */,
				1327C0FA1D445D5100F5F742 /* UniversityCourseTracker.xcdatamodeld in Sources */,
				134CBCA21D56B00C001C4DD5 /* SectionViewController.swift in Sources */,
				1361A0B51D590FE500E98FB5 /* OrderedDictionary.swift in Sources */,
				13DD66AD1D5BF7B600F53A4A /* Model.proto.swift in Sources */,
				13D8D5671D6798EC003C5540 /* PaddedLabel.swift in Sources */,
				130AD7E31D49B3FB00CCD3E1 /* Utils.swift in Sources */,
				137F92021D5EA7D500B352FC /* Notifications.swift in Sources */,
				1367EBD81D58CDAE00A05932 /* TrackedSectionsViewController.swift in Sources */,
			);
			runOnlyForDeploymentPostprocessing = 0;
		};
		1327C1011D445D5100F5F742 /* Sources */ = {
			isa = PBXSourcesBuildPhase;
			buildActionMask = 2147483647;
			files = (
				1327C10A1D445D5100F5F742 /* UniversityCourseTrackerTests.swift in Sources */,
			);
			runOnlyForDeploymentPostprocessing = 0;
		};
		1327C10C1D445D5100F5F742 /* Sources */ = {
			isa = PBXSourcesBuildPhase;
			buildActionMask = 2147483647;
			files = (
				1327C1151D445D5100F5F742 /* UniversityCourseTrackerUITests.swift in Sources */,
			);
			runOnlyForDeploymentPostprocessing = 0;
		};
/* End PBXSourcesBuildPhase section */

/* Begin PBXTargetDependency section */
		1327C1071D445D5100F5F742 /* PBXTargetDependency */ = {
			isa = PBXTargetDependency;
			target = 1327C0ED1D445D5000F5F742 /* UniversityCourseTracker */;
			targetProxy = 1327C1061D445D5100F5F742 /* PBXContainerItemProxy */;
		};
		1327C1121D445D5100F5F742 /* PBXTargetDependency */ = {
			isa = PBXTargetDependency;
			target = 1327C0ED1D445D5000F5F742 /* UniversityCourseTracker */;
			targetProxy = 1327C1111D445D5100F5F742 /* PBXContainerItemProxy */;
		};
/* End PBXTargetDependency section */

/* Begin PBXVariantGroup section */
		1327C0F51D445D5100F5F742 /* Main.storyboard */ = {
			isa = PBXVariantGroup;
			children = (
				1327C0F61D445D5100F5F742 /* Base */,
			);
			name = Main.storyboard;
			path = .;
			sourceTree = "<group>";
		};
		1327C0FD1D445D5100F5F742 /* LaunchScreen.storyboard */ = {
			isa = PBXVariantGroup;
			children = (
				1327C0FE1D445D5100F5F742 /* Base */,
			);
			name = LaunchScreen.storyboard;
			path = .;
			sourceTree = "<group>";
		};
/* End PBXVariantGroup section */

/* Begin XCBuildConfiguration section */
		1327C1171D445D5100F5F742 /* Debug */ = {
			isa = XCBuildConfiguration;
			buildSettings = {
				ALWAYS_SEARCH_USER_PATHS = NO;
				CLANG_ANALYZER_NONNULL = YES;
				CLANG_CXX_LANGUAGE_STANDARD = "gnu++0x";
				CLANG_CXX_LIBRARY = "libc++";
				CLANG_ENABLE_MODULES = YES;
				CLANG_ENABLE_OBJC_ARC = YES;
				CLANG_WARN_BOOL_CONVERSION = YES;
				CLANG_WARN_CONSTANT_CONVERSION = YES;
				CLANG_WARN_DIRECT_OBJC_ISA_USAGE = YES_ERROR;
				CLANG_WARN_EMPTY_BODY = YES;
				CLANG_WARN_ENUM_CONVERSION = YES;
				CLANG_WARN_INT_CONVERSION = YES;
				CLANG_WARN_OBJC_ROOT_CLASS = YES_ERROR;
				CLANG_WARN_UNREACHABLE_CODE = YES;
				CLANG_WARN__DUPLICATE_METHOD_MATCH = YES;
				"CODE_SIGN_IDENTITY[sdk=iphoneos*]" = "iPhone Developer";
				COPY_PHASE_STRIP = NO;
				DEBUG_INFORMATION_FORMAT = dwarf;
				ENABLE_STRICT_OBJC_MSGSEND = YES;
				ENABLE_TESTABILITY = YES;
				GCC_C_LANGUAGE_STANDARD = gnu99;
				GCC_DYNAMIC_NO_PIC = NO;
				GCC_NO_COMMON_BLOCKS = YES;
				GCC_OPTIMIZATION_LEVEL = 0;
				GCC_PREPROCESSOR_DEFINITIONS = (
					"DEBUG=1",
					"$(inherited)",
				);
				GCC_WARN_64_TO_32_BIT_CONVERSION = YES;
				GCC_WARN_ABOUT_RETURN_TYPE = YES_ERROR;
				GCC_WARN_UNDECLARED_SELECTOR = YES;
				GCC_WARN_UNINITIALIZED_AUTOS = YES_AGGRESSIVE;
				GCC_WARN_UNUSED_FUNCTION = YES;
				GCC_WARN_UNUSED_VARIABLE = YES;
				IPHONEOS_DEPLOYMENT_TARGET = 9.3;
				MTL_ENABLE_DEBUG_INFO = YES;
				ONLY_ACTIVE_ARCH = YES;
				SDKROOT = iphoneos;
				SWIFT_OPTIMIZATION_LEVEL = "-Onone";
				TARGETED_DEVICE_FAMILY = "1,2";
			};
			name = Debug;
		};
		1327C1181D445D5100F5F742 /* Release */ = {
			isa = XCBuildConfiguration;
			buildSettings = {
				ALWAYS_SEARCH_USER_PATHS = NO;
				CLANG_ANALYZER_NONNULL = YES;
				CLANG_CXX_LANGUAGE_STANDARD = "gnu++0x";
				CLANG_CXX_LIBRARY = "libc++";
				CLANG_ENABLE_MODULES = YES;
				CLANG_ENABLE_OBJC_ARC = YES;
				CLANG_WARN_BOOL_CONVERSION = YES;
				CLANG_WARN_CONSTANT_CONVERSION = YES;
				CLANG_WARN_DIRECT_OBJC_ISA_USAGE = YES_ERROR;
				CLANG_WARN_EMPTY_BODY = YES;
				CLANG_WARN_ENUM_CONVERSION = YES;
				CLANG_WARN_INT_CONVERSION = YES;
				CLANG_WARN_OBJC_ROOT_CLASS = YES_ERROR;
				CLANG_WARN_UNREACHABLE_CODE = YES;
				CLANG_WARN__DUPLICATE_METHOD_MATCH = YES;
				"CODE_SIGN_IDENTITY[sdk=iphoneos*]" = "iPhone Developer";
				COPY_PHASE_STRIP = NO;
				DEBUG_INFORMATION_FORMAT = "dwarf-with-dsym";
				ENABLE_NS_ASSERTIONS = NO;
				ENABLE_STRICT_OBJC_MSGSEND = YES;
				GCC_C_LANGUAGE_STANDARD = gnu99;
				GCC_NO_COMMON_BLOCKS = YES;
				GCC_WARN_64_TO_32_BIT_CONVERSION = YES;
				GCC_WARN_ABOUT_RETURN_TYPE = YES_ERROR;
				GCC_WARN_UNDECLARED_SELECTOR = YES;
				GCC_WARN_UNINITIALIZED_AUTOS = YES_AGGRESSIVE;
				GCC_WARN_UNUSED_FUNCTION = YES;
				GCC_WARN_UNUSED_VARIABLE = YES;
				IPHONEOS_DEPLOYMENT_TARGET = 9.3;
				MTL_ENABLE_DEBUG_INFO = NO;
				SDKROOT = iphoneos;
				TARGETED_DEVICE_FAMILY = "1,2";
				VALIDATE_PRODUCT = YES;
			};
			name = Release;
		};
		1327C11A1D445D5100F5F742 /* Debug */ = {
			isa = XCBuildConfiguration;
			baseConfigurationReference = 87BC2D251BD3C4413C189788 /* Pods-UniversityCourseTracker.debug.xcconfig */;
			buildSettings = {
				ASSETCATALOG_COMPILER_APPICON_NAME = AppIcon;
				CODE_SIGN_IDENTITY = "iPhone Developer";
				INFOPLIST_FILE = UniversityCourseTracker/Info.plist;
				LD_RUNPATH_SEARCH_PATHS = "$(inherited) @executable_path/Frameworks";
				PRODUCT_BUNDLE_IDENTIFIER = com.tevinjeffrey.uctios;
				PRODUCT_NAME = "$(TARGET_NAME)";
			};
			name = Debug;
		};
		1327C11B1D445D5100F5F742 /* Release */ = {
			isa = XCBuildConfiguration;
			baseConfigurationReference = 03004C40BA27EF03462451B7 /* Pods-UniversityCourseTracker.release.xcconfig */;
			buildSettings = {
				ASSETCATALOG_COMPILER_APPICON_NAME = AppIcon;
				CODE_SIGN_IDENTITY = "iPhone Developer";
				INFOPLIST_FILE = UniversityCourseTracker/Info.plist;
				LD_RUNPATH_SEARCH_PATHS = "$(inherited) @executable_path/Frameworks";
				PRODUCT_BUNDLE_IDENTIFIER = com.tevinjeffrey.uctios;
				PRODUCT_NAME = "$(TARGET_NAME)";
			};
			name = Release;
		};
		1327C11D1D445D5100F5F742 /* Debug */ = {
			isa = XCBuildConfiguration;
			buildSettings = {
				BUNDLE_LOADER = "$(TEST_HOST)";
				INFOPLIST_FILE = UniversityCourseTrackerTests/Info.plist;
				LD_RUNPATH_SEARCH_PATHS = "$(inherited) @executable_path/Frameworks @loader_path/Frameworks";
				PRODUCT_BUNDLE_IDENTIFIER = com.tevinjeffrey.UniversityCourseTrackerTests;
				PRODUCT_NAME = "$(TARGET_NAME)";
				TEST_HOST = "$(BUILT_PRODUCTS_DIR)/UniversityCourseTracker.app/UniversityCourseTracker";
			};
			name = Debug;
		};
		1327C11E1D445D5100F5F742 /* Release */ = {
			isa = XCBuildConfiguration;
			buildSettings = {
				BUNDLE_LOADER = "$(TEST_HOST)";
				INFOPLIST_FILE = UniversityCourseTrackerTests/Info.plist;
				LD_RUNPATH_SEARCH_PATHS = "$(inherited) @executable_path/Frameworks @loader_path/Frameworks";
				PRODUCT_BUNDLE_IDENTIFIER = com.tevinjeffrey.UniversityCourseTrackerTests;
				PRODUCT_NAME = "$(TARGET_NAME)";
				TEST_HOST = "$(BUILT_PRODUCTS_DIR)/UniversityCourseTracker.app/UniversityCourseTracker";
			};
			name = Release;
		};
		1327C1201D445D5100F5F742 /* Debug */ = {
			isa = XCBuildConfiguration;
			buildSettings = {
				INFOPLIST_FILE = UniversityCourseTrackerUITests/Info.plist;
				LD_RUNPATH_SEARCH_PATHS = "$(inherited) @executable_path/Frameworks @loader_path/Frameworks";
				PRODUCT_BUNDLE_IDENTIFIER = com.tevinjeffrey.UniversityCourseTrackerUITests;
				PRODUCT_NAME = "$(TARGET_NAME)";
				TEST_TARGET_NAME = UniversityCourseTracker;
			};
			name = Debug;
		};
		1327C1211D445D5100F5F742 /* Release */ = {
			isa = XCBuildConfiguration;
			buildSettings = {
				INFOPLIST_FILE = UniversityCourseTrackerUITests/Info.plist;
				LD_RUNPATH_SEARCH_PATHS = "$(inherited) @executable_path/Frameworks @loader_path/Frameworks";
				PRODUCT_BUNDLE_IDENTIFIER = com.tevinjeffrey.UniversityCourseTrackerUITests;
				PRODUCT_NAME = "$(TARGET_NAME)";
				TEST_TARGET_NAME = UniversityCourseTracker;
			};
			name = Release;
		};
/* End XCBuildConfiguration section */

/* Begin XCConfigurationList section */
		1327C0E91D445D5000F5F742 /* Build configuration list for PBXProject "UniversityCourseTracker" */ = {
			isa = XCConfigurationList;
			buildConfigurations = (
				1327C1171D445D5100F5F742 /* Debug */,
				1327C1181D445D5100F5F742 /* Release */,
			);
			defaultConfigurationIsVisible = 0;
			defaultConfigurationName = Release;
		};
		1327C1191D445D5100F5F742 /* Build configuration list for PBXNativeTarget "UniversityCourseTracker" */ = {
			isa = XCConfigurationList;
			buildConfigurations = (
				1327C11A1D445D5100F5F742 /* Debug */,
				1327C11B1D445D5100F5F742 /* Release */,
			);
			defaultConfigurationIsVisible = 0;
			defaultConfigurationName = Release;
		};
		1327C11C1D445D5100F5F742 /* Build configuration list for PBXNativeTarget "UniversityCourseTrackerTests" */ = {
			isa = XCConfigurationList;
			buildConfigurations = (
				1327C11D1D445D5100F5F742 /* Debug */,
				1327C11E1D445D5100F5F742 /* Release */,
			);
			defaultConfigurationIsVisible = 0;
			defaultConfigurationName = Release;
		};
		1327C11F1D445D5100F5F742 /* Build configuration list for PBXNativeTarget "UniversityCourseTrackerUITests" */ = {
			isa = XCConfigurationList;
			buildConfigurations = (
				1327C1201D445D5100F5F742 /* Debug */,
				1327C1211D445D5100F5F742 /* Release */,
			);
			defaultConfigurationIsVisible = 0;
			defaultConfigurationName = Release;
		};
/* End XCConfigurationList section */

/* Begin XCVersionGroup section */
		1327C0F81D445D5100F5F742 /* UniversityCourseTracker.xcdatamodeld */ = {
			isa = XCVersionGroup;
			children = (
				1327C0F91D445D5100F5F742 /* UniversityCourseTracker.xcdatamodel */,
			);
			currentVersion = 1327C0F91D445D5100F5F742 /* UniversityCourseTracker.xcdatamodel */;
			path = UniversityCourseTracker.xcdatamodeld;
			sourceTree = "<group>";
			versionGroupType = wrapper.xcdatamodel;
		};
/* End XCVersionGroup section */
	};
	rootObject = 1327C0E61D445D5000F5F742 /* Project object */;
}
